
Microsoft Visual Studio Solution File, Format Version 12.00
# Visual Studio 15
VisualStudioVersion = 15.0.27703.2047
MinimumVisualStudioVersion = 10.0.40219.1
Project("{FAE04EC0-301F-11D3-BF4B-00C04F79EFBC}") = "Entidades", "Entidades\Entidades.csproj", "{C402AC30-7EC7-470D-99E8-7A4D0819A900}"
EndProject
Project("{FAE04EC0-301F-11D3-BF4B-00C04F79EFBC}") = "VistaForm", "VistaForm\VistaForm.csproj", "{AC16D7AF-F7B5-4CF7-9926-508819DF5F73}"
EndProject
Project("{FAE04EC0-301F-11D3-BF4B-00C04F79EFBC}") = "VistaConsola", "VistaConsola\VistaConsola.csproj", "{ECBEB893-4E0B-4D90-B523-5F50B376FC2D}"
EndProject
Global
	GlobalSection(SolutionConfigurationPlatforms) = preSolution
		Debug|Any CPU = Debug|Any CPU
		Release|Any CPU = Release|Any CPU
	EndGlobalSection
	GlobalSection(ProjectConfigurationPlatforms) = postSolution
		{C402AC30-7EC7-470D-99E8-7A4D0819A900}.Debug|Any CPU.ActiveCfg = Debug|Any CPU
		{C402AC30-7EC7-470D-99E8-7A4D0819A900}.Debug|Any CPU.Build.0 = Debug|Any CPU
		{C402AC30-7EC7-470D-99E8-7A4D0819A900}.Release|Any CPU.ActiveCfg = Release|Any CPU
		{C402AC30-7EC7-470D-99E8-7A4D0819A900}.Release|Any CPU.Build.0 = Release|Any CPU
		{AC16D7AF-F7B5-4CF7-9926-508819DF5F73}.Debug|Any CPU.ActiveCfg = Debug|Any CPU
		{AC16D7AF-F7B5-4CF7-9926-508819DF5F73}.Debug|Any CPU.Build.0 = Debug|Any CPU
		{AC16D7AF-F7B5-4CF7-9926-508819DF5F73}.Release|Any CPU.ActiveCfg = Release|Any CPU
		{AC16D7AF-F7B5-4CF7-9926-508819DF5F73}.Release|Any CPU.Build.0 = Release|Any CPU
		{ECBEB893-4E0B-4D90-B523-5F50B376FC2D}.Debug|Any CPU.ActiveCfg = Debug|Any CPU
		{ECBEB893-4E0B-4D90-B523-5F50B376FC2D}.Debug|Any CPU.Build.0 = Debug|Any CPU
		{ECBEB893-4E0B-4D90-B523-5F50B376FC2D}.Release|Any CPU.ActiveCfg = Release|Any CPU
		{ECBEB893-4E0B-4D90-B523-5F50B376FC2D}.Release|Any CPU.Build.0 = Release|Any CPU
	EndGlobalSection
	GlobalSection(SolutionProperties) = preSolution
		HideSolutionNode = FALSE
	EndGlobalSection
	GlobalSection(ExtensibilityGlobals) = postSolution
		SolutionGuid = {DEB41014-401E-4D73-B031-70D95FA4186B}
	EndGlobalSection
EndGlobal
